
Microsoft Visual Studio Solution File, Format Version 12.00
# Visual Studio Version 17
VisualStudioVersion = 17.0.31903.59
MinimumVisualStudioVersion = 10.0.40219.1
Project("{FAE04EC0-301F-11D3-BF4B-00C04F79EFBC}") = "Dynamic.KafkaIntegration.Producer", "src\Dynamic.KafkaIntegration.Producer\Dynamic.KafkaIntegration.Producer.csproj", "{210408B3-09EB-4E24-8B08-3325D54E80D3}"
EndProject
Project("{2150E333-8FDC-42A3-9474-1A3956D46DE8}") = "src", "src", "{05F31AE8-2ED1-40BF-8BF6-601B0434709E}"
EndProject
Global
	GlobalSection(SolutionConfigurationPlatforms) = preSolution
		Debug|Any CPU = Debug|Any CPU
		Release|Any CPU = Release|Any CPU
	EndGlobalSection
	GlobalSection(SolutionProperties) = preSolution
		HideSolutionNode = FALSE
	EndGlobalSection
	GlobalSection(ProjectConfigurationPlatforms) = postSolution
		{210408B3-09EB-4E24-8B08-3325D54E80D3}.Debug|Any CPU.ActiveCfg = Debug|Any CPU
		{210408B3-09EB-4E24-8B08-3325D54E80D3}.Debug|Any CPU.Build.0 = Debug|Any CPU
		{210408B3-09EB-4E24-8B08-3325D54E80D3}.Release|Any CPU.ActiveCfg = Release|Any CPU
		{210408B3-09EB-4E24-8B08-3325D54E80D3}.Release|Any CPU.Build.0 = Release|Any CPU
	EndGlobalSection
	GlobalSection(NestedProjects) = preSolution
		{210408B3-09EB-4E24-8B08-3325D54E80D3} = {05F31AE8-2ED1-40BF-8BF6-601B0434709E}
	EndGlobalSection
EndGlobal
